
Microsoft Visual Studio Solution File, Format Version 12.00
# Visual Studio Version 17
VisualStudioVersion = 17.2.32630.192
MinimumVisualStudioVersion = 10.0.40219.1
Project("{FAE04EC0-301F-11D3-BF4B-00C04F79EFBC}") = "ASPORM", "ASPORM\ASPORM.csproj", "{F2125D7D-0551-46AC-AE38-ABEFAFDD6523}"
EndProject
Global
	GlobalSection(SolutionConfigurationPlatforms) = preSolution
		Debug|Any CPU = Debug|Any CPU
		Release|Any CPU = Release|Any CPU
	EndGlobalSection
	GlobalSection(ProjectConfigurationPlatforms) = postSolution
		{F2125D7D-0551-46AC-AE38-ABEFAFDD6523}.Debug|Any CPU.ActiveCfg = Debug|Any CPU
		{F2125D7D-0551-46AC-AE38-ABEFAFDD6523}.Debug|Any CPU.Build.0 = Debug|Any CPU
		{F2125D7D-0551-46AC-AE38-ABEFAFDD6523}.Release|Any CPU.ActiveCfg = Release|Any CPU
		{F2125D7D-0551-46AC-AE38-ABEFAFDD6523}.Release|Any CPU.Build.0 = Release|Any CPU
	EndGlobalSection
	GlobalSection(SolutionProperties) = preSolution
		HideSolutionNode = FALSE
	EndGlobalSection
	GlobalSection(ExtensibilityGlobals) = postSolution
		SolutionGuid = {EFAEA26B-817F-4C3F-89BB-9F2924B16C9B}
	EndGlobalSection
EndGlobal
